
Microsoft Visual Studio Solution File, Format Version 12.00
# Visual Studio Express 2012 for Web
Project("{FAE04EC0-301F-11D3-BF4B-00C04F79EFBC}") = "TaxOnline.Web", "TaxOnline.Web\TaxOnline.Web.csproj", "{3F91DA3E-BC32-49BA-9487-315EFAB49F88}"
EndProject
Project("{FAE04EC0-301F-11D3-BF4B-00C04F79EFBC}") = "TaxOnline.Models", "TaxOnline.Models\TaxOnline.Models.csproj", "{9E7117A0-733C-4A98-AF44-5299BAE8B696}"
EndProject
Project("{FAE04EC0-301F-11D3-BF4B-00C04F79EFBC}") = "TaxOnline.Data", "TaxOnline.Data\TaxOnline.Data.csproj", "{14504740-3741-4255-9F82-C307B8B1FCB4}"
EndProject
Global
	GlobalSection(SolutionConfigurationPlatforms) = preSolution
		Debug|Any CPU = Debug|Any CPU
		Release|Any CPU = Release|Any CPU
	EndGlobalSection
	GlobalSection(ProjectConfigurationPlatforms) = postSolution
		{3F91DA3E-BC32-49BA-9487-315EFAB49F88}.Debug|Any CPU.ActiveCfg = Debug|Any CPU
		{3F91DA3E-BC32-49BA-9487-315EFAB49F88}.Debug|Any CPU.Build.0 = Debug|Any CPU
		{3F91DA3E-BC32-49BA-9487-315EFAB49F88}.Release|Any CPU.ActiveCfg = Release|Any CPU
		{3F91DA3E-BC32-49BA-9487-315EFAB49F88}.Release|Any CPU.Build.0 = Release|Any CPU
		{9E7117A0-733C-4A98-AF44-5299BAE8B696}.Debug|Any CPU.ActiveCfg = Debug|Any CPU
		{9E7117A0-733C-4A98-AF44-5299BAE8B696}.Debug|Any CPU.Build.0 = Debug|Any CPU
		{9E7117A0-733C-4A98-AF44-5299BAE8B696}.Release|Any CPU.ActiveCfg = Release|Any CPU
		{9E7117A0-733C-4A98-AF44-5299BAE8B696}.Release|Any CPU.Build.0 = Release|Any CPU
		{14504740-3741-4255-9F82-C307B8B1FCB4}.Debug|Any CPU.ActiveCfg = Debug|Any CPU
		{14504740-3741-4255-9F82-C307B8B1FCB4}.Debug|Any CPU.Build.0 = Debug|Any CPU
		{14504740-3741-4255-9F82-C307B8B1FCB4}.Release|Any CPU.ActiveCfg = Release|Any CPU
		{14504740-3741-4255-9F82-C307B8B1FCB4}.Release|Any CPU.Build.0 = Release|Any CPU
	EndGlobalSection
	GlobalSection(SolutionProperties) = preSolution
		HideSolutionNode = FALSE
	EndGlobalSection
EndGlobal
